
Microsoft Visual Studio Solution File, Format Version 12.00
# Visual Studio Version 16
VisualStudioVersion = 16.0.29411.108
MinimumVisualStudioVersion = 10.0.40219.1
Project("{9A19103F-16F7-4668-BE54-9A1E7A4F7556}") = "CatSideDownApi", "CatSideDownApi\CatSideDownApi.csproj", "{0AA78087-1D97-4709-99EC-131CF2496D84}"
EndProject
Project("{FAE04EC0-301F-11D3-BF4B-00C04F79EFBC}") = "CatSideDownApi.Interfaces", "CatSideDownApi.Interfaces\CatSideDownApi.Interfaces.csproj", "{88C864D9-3D45-4894-843C-947B688C713B}"
EndProject
Project("{FAE04EC0-301F-11D3-BF4B-00C04F79EFBC}") = "CatSideDownApi.Contracts", "CatSideDownApi.Contracts\CatSideDownApi.Contracts.csproj", "{9B1F7B82-E2F0-42FD-BE9B-2C8CEF97E7C4}"
EndProject
Project("{FAE04EC0-301F-11D3-BF4B-00C04F79EFBC}") = "CatSideDownApi.Services", "CatSideDownApi.Services\CatSideDownApi.Services.csproj", "{D991C588-482E-4574-BA57-A18B32BE79B1}"
EndProject
Global
	GlobalSection(SolutionConfigurationPlatforms) = preSolution
		Debug|Any CPU = Debug|Any CPU
		Release|Any CPU = Release|Any CPU
	EndGlobalSection
	GlobalSection(ProjectConfigurationPlatforms) = postSolution
		{0AA78087-1D97-4709-99EC-131CF2496D84}.Debug|Any CPU.ActiveCfg = Debug|Any CPU
		{0AA78087-1D97-4709-99EC-131CF2496D84}.Debug|Any CPU.Build.0 = Debug|Any CPU
		{0AA78087-1D97-4709-99EC-131CF2496D84}.Release|Any CPU.ActiveCfg = Release|Any CPU
		{0AA78087-1D97-4709-99EC-131CF2496D84}.Release|Any CPU.Build.0 = Release|Any CPU
		{88C864D9-3D45-4894-843C-947B688C713B}.Debug|Any CPU.ActiveCfg = Debug|Any CPU
		{88C864D9-3D45-4894-843C-947B688C713B}.Debug|Any CPU.Build.0 = Debug|Any CPU
		{88C864D9-3D45-4894-843C-947B688C713B}.Release|Any CPU.ActiveCfg = Release|Any CPU
		{88C864D9-3D45-4894-843C-947B688C713B}.Release|Any CPU.Build.0 = Release|Any CPU
		{9B1F7B82-E2F0-42FD-BE9B-2C8CEF97E7C4}.Debug|Any CPU.ActiveCfg = Debug|Any CPU
		{9B1F7B82-E2F0-42FD-BE9B-2C8CEF97E7C4}.Debug|Any CPU.Build.0 = Debug|Any CPU
		{9B1F7B82-E2F0-42FD-BE9B-2C8CEF97E7C4}.Release|Any CPU.ActiveCfg = Release|Any CPU
		{9B1F7B82-E2F0-42FD-BE9B-2C8CEF97E7C4}.Release|Any CPU.Build.0 = Release|Any CPU
		{D991C588-482E-4574-BA57-A18B32BE79B1}.Debug|Any CPU.ActiveCfg = Debug|Any CPU
		{D991C588-482E-4574-BA57-A18B32BE79B1}.Debug|Any CPU.Build.0 = Debug|Any CPU
		{D991C588-482E-4574-BA57-A18B32BE79B1}.Release|Any CPU.ActiveCfg = Release|Any CPU
		{D991C588-482E-4574-BA57-A18B32BE79B1}.Release|Any CPU.Build.0 = Release|Any CPU
	EndGlobalSection
	GlobalSection(SolutionProperties) = preSolution
		HideSolutionNode = FALSE
	EndGlobalSection
	GlobalSection(ExtensibilityGlobals) = postSolution
		SolutionGuid = {609E3992-E8F2-47A9-8606-692CADEEEE5A}
	EndGlobalSection
EndGlobal
